{
  "name": "mrcorpt-games-kb-bindings-ui",
  "version": "0.3.3",
  "lockfileVersion": 3,
  "requires": true,
  "packages": {
    "": {
      "name": "mrcorpt-games-kb-bindings-ui",
      "version": "0.3.3",
      "dependencies": {
        "dat-gui": "^0.5.0",
        "vkey": "^1.0.0"
      },
      "devDependencies": {
        "interact": "^0.0.3",
        "kb-bindings": "^0.2.0",
        "raf": "^2.0.4"
      }
    },
    "node_modules/dat-gui": {
      "version": "0.5.0",
      "resolved": "https://registry.npmjs.org/dat-gui/-/dat-gui-0.5.0.tgz",
      "integrity": "sha512-k5iJeovXcluGh+T0hyC4C6plENCr901M0iW7p4tZe31iNhWu6HjnOjcKo7lLftpWHI8qXj+E8nVBQzin9HqZDA==",
      "deprecated": "Use the official dat.gui: https://www.npmjs.com/package/dat.gui",
      "engines": {
        "node": ">= 0.8.0"
      }
    },
    "node_modules/domnode": {
      "version": "0.0.3",
      "resolved": "https://registry.npmjs.org/domnode/-/domnode-0.0.3.tgz",
      "integrity": "sha512-Axc62VjE0gf5EP5f1PlbsvdN4+xGmg57OYJmr2CpmiFIu07SWUJnA1XzwZ1ryxFxtDMCmtxG/I7JVBbHjo1mLQ==",
      "dev": true,
      "dependencies": {
        "mustache": "0.4.0"
      }
    },
    "node_modules/domnode-dom": {
      "version": "0.0.4",
      "resolved": "https://registry.npmjs.org/domnode-dom/-/domnode-dom-0.0.4.tgz",
      "integrity": "sha512-LY+BiHFBH0Xh9lplT/I2Jp+HP85ixk00j8Q+xGgFPk2xRrTp5BCC8VnFM0oKuklQFzUal34fARHSRmilxYwSNQ==",
      "dev": true,
      "dependencies": {
        "domnode": "~0.0.3"
      }
    },
    "node_modules/drag-stream": {
      "version": "0.0.3",
      "resolved": "https://registry.npmjs.org/drag-stream/-/drag-stream-0.0.3.tgz",
      "integrity": "sha512-Ev0iVtUoRErL0BBt8SlrZjjRktzwvIaDOPG82vWfm4iNMpIyKrlz23VgU60VdWh2T1WmK6wrCZv8+sH14jHOZg==",
      "dev": true,
      "dependencies": {
        "domnode-dom": "~0.0.X",
        "through": "~2.2.1"
      }
    },
    "node_modules/ever": {
      "version": "0.0.3",
      "resolved": "https://registry.npmjs.org/ever/-/ever-0.0.3.tgz",
      "integrity": "sha512-1HPmX13tnu47ivAWIrBoRudYXo6/aTwi2TrrKzP25vmVhlzbrpNpJnq+VSKHB/2s7cXcUqe+Rsx7QAtQdImxcw==",
      "dev": true
    },
    "node_modules/fullscreen": {
      "version": "0.0.1",
      "resolved": "https://registry.npmjs.org/fullscreen/-/fullscreen-0.0.1.tgz",
      "integrity": "sha512-reSW+p0jF2ZtUS0pcS+RT4oyAFceCurRbTuVGBimGs3oNM6+MSUF5I9H7lUWlb82e696Mnu+QPbwTPeTUU+3yg==",
      "dev": true
    },
    "node_modules/interact": {
      "version": "0.0.3",
      "resolved": "https://registry.npmjs.org/interact/-/interact-0.0.3.tgz",
      "integrity": "sha512-cOJWm7UktmKpxyeM0UyhdVr3D/4W68JUWopD7+xpKWtW9yJREDyw2EQvTsIqFYw3bN/CHM30d84vrH60iuHlWg==",
      "dev": true,
      "dependencies": {
        "drag-stream": "0.0.3",
        "fullscreen": "0.0.1",
        "pointer-lock": "0.0.3"
      }
    },
    "node_modules/kb-bindings": {
      "version": "0.2.0",
      "resolved": "https://registry.npmjs.org/kb-bindings/-/kb-bindings-0.2.0.tgz",
      "integrity": "sha512-ew0WUAln1FTDOo/AfJj1A1SKjk1mwzjGY82v3ggoB+NhHB2+62Zldwwin2zIhzWuicOIpojH1IUFc19OGvfvOw==",
      "dev": true,
      "dependencies": {
        "ever": "~0.0.3",
        "vkey": "~0.0.3"
      }
    },
    "node_modules/kb-bindings/node_modules/vkey": {
      "version": "0.0.3",
      "resolved": "https://registry.npmjs.org/vkey/-/vkey-0.0.3.tgz",
      "integrity": "sha512-9NxHjypgeJCDuDZOiUzfV1EDPbBVFvrgeTQN28jtw0cHYbnoIYIC6OZlwk3MlXP/tvTR++4QkavXS3PwFHP8gA==",
      "dev": true
    },
    "node_modules/mustache": {
      "version": "0.4.0",
      "resolved": "https://registry.npmjs.org/mustache/-/mustache-0.4.0.tgz",
      "integrity": "sha512-lOIx6XdcDjwR2JApJUO4LuQ7rN2oT41NSphYEBqFKZOa/M+mRKnHZgpa6wbCEFQ1GE0iNZLh7UV3xXc1+8Z+YQ==",
      "dev": true,
      "engines": {
        "node": "*"
      }
    },
    "node_modules/performance-now": {
      "version": "0.1.4",
      "resolved": "https://registry.npmjs.org/performance-now/-/performance-now-0.1.4.tgz",
      "integrity": "sha512-iaeVTVGLcGTsN9WVFTV9YZH6gYD+SurpzHdDxeqRxqkK3IgfQiexetIjlkNSUIeV9HljjwT07jv0fAxsDuGSHg==",
      "dev": true
    },
    "node_modules/pointer-lock": {
      "version": "0.0.3",
      "resolved": "https://registry.npmjs.org/pointer-lock/-/pointer-lock-0.0.3.tgz",
      "integrity": "sha512-NUwOCdMRoeZxIzbwHQFQtOG0rceVZoFEQpkg0SaJ3dCzgOT6v92BNYoUsopqhjIdw+ufV65QHGLwOsWbnKmUsw==",
      "dev": true
    },
    "node_modules/raf": {
      "version": "2.0.4",
      "resolved": "https://registry.npmjs.org/raf/-/raf-2.0.4.tgz",
      "integrity": "sha512-/1MFu3i+bZeLZDRNKe+BC1d4elEHqM+ksh64WcW/5KCvxntnV6A4h6vLH3ebFKk/l8JxmHnGjOBhDq+5Jm0WnA==",
      "dev": true,
      "dependencies": {
        "performance-now": "~0.1.3"
      }
    },
    "node_modules/through": {
      "version": "2.2.7",
      "resolved": "https://registry.npmjs.org/through/-/through-2.2.7.tgz",
      "integrity": "sha512-JIR0m0ybkmTcR8URann+HbwKmodP+OE8UCbsifQDYMLD5J3em1Cdn3MYPpbEd5elGDwmP98T+WbqP/tvzA5Mjg==",
      "dev": true
    },
    "node_modules/vkey": {
      "version": "1.0.1",
      "resolved": "https://registry.npmjs.org/vkey/-/vkey-1.0.1.tgz",
      "integrity": "sha512-qmeIeB6Y66RzUA1NTi353bu+AhSeQ9/vcFuLLayrz6whAczm1QfOqcw5kCkG0jLOfmgcZeCMHLuUhuWExz9EJA=="
    }
  }
}
